
Microsoft Visual Studio Solution File, Format Version 12.00
# Visual Studio Version 17
VisualStudioVersion = 17.9.34902.65
MinimumVisualStudioVersion = 10.0.40219.1
Project("{9A19103F-16F7-4668-BE54-9A1E7A4F7556}") = "Jelewry-Store", "Jelewry-Store\Jelewry-Store.csproj", "{AFA81D26-F4D4-4E09-975F-21625D588216}"
EndProject
Project("{FAE04EC0-301F-11D3-BF4B-00C04F79EFBC}") = "TestJelewry-Store", "TestJelewry-Store\TestJelewry-Store.csproj", "{18473D66-69E3-4B29-974F-1A606CEBDAE0}"
EndProject
Global
	GlobalSection(SolutionConfigurationPlatforms) = preSolution
		Debug|Any CPU = Debug|Any CPU
		Release|Any CPU = Release|Any CPU
	EndGlobalSection
	GlobalSection(ProjectConfigurationPlatforms) = postSolution
		{AFA81D26-F4D4-4E09-975F-21625D588216}.Debug|Any CPU.ActiveCfg = Debug|Any CPU
		{AFA81D26-F4D4-4E09-975F-21625D588216}.Debug|Any CPU.Build.0 = Debug|Any CPU
		{AFA81D26-F4D4-4E09-975F-21625D588216}.Release|Any CPU.ActiveCfg = Release|Any CPU
		{AFA81D26-F4D4-4E09-975F-21625D588216}.Release|Any CPU.Build.0 = Release|Any CPU
		{18473D66-69E3-4B29-974F-1A606CEBDAE0}.Debug|Any CPU.ActiveCfg = Debug|Any CPU
		{18473D66-69E3-4B29-974F-1A606CEBDAE0}.Debug|Any CPU.Build.0 = Debug|Any CPU
		{18473D66-69E3-4B29-974F-1A606CEBDAE0}.Release|Any CPU.ActiveCfg = Release|Any CPU
		{18473D66-69E3-4B29-974F-1A606CEBDAE0}.Release|Any CPU.Build.0 = Release|Any CPU
	EndGlobalSection
	GlobalSection(SolutionProperties) = preSolution
		HideSolutionNode = FALSE
	EndGlobalSection
	GlobalSection(ExtensibilityGlobals) = postSolution
		SolutionGuid = {47E413C6-0843-4C8E-B273-808761B6542E}
	EndGlobalSection
EndGlobal
